<?xml version="1.0" encoding="utf-8"?>
<Project ToolsVersion="4.0" xmlns="http://schemas.microsoft.com/developer/msbuild/2003">
  <ItemGroup>
    <Filter Include="Source Files">
      <UniqueIdentifier>{4FC737F1-C7A5-4376-A066-2A32D752A2FF}</UniqueIdentifier>
      <Extensions>cpp;c;cc;cxx;c++;cppm;ixx;def;odl;idl;hpj;bat;asm;asmx</Extensions>
    </Filter>
    <Filter Include="Header Files">
      <UniqueIdentifier>{93995380-89BD-4b04-88EB-625FBE52EBFB}</UniqueIdentifier>
      <Extensions>h;hh;hpp;hxx;h++;hm;inl;inc;ipp;xsd</Extensions>
    </Filter>
    <Filter Include="Resource Files">
      <UniqueIdentifier>{67DA6AB6-F800-4c08-8B7A-83BB121AAD01}</UniqueIdentifier>
      <Extensions>rc;ico;cur;bmp;dlg;rc2;rct;bin;rgs;gif;jpg;jpeg;jpe;resx;tiff;tif;png;wav;mfcribbon-ms</Extensions>
    </Filter>
    <Filter Include="Header Files\LLVMCodeGenerator">
      <UniqueIdentifier>{edee05a5-7e05-4199-8d1c-db95cc3a5c7b}</UniqueIdentifier>
    </Filter>
    <Filter Include="Source Files\LLVMCodeGenerator">
      <UniqueIdentifier>{3c52c5d8-1fff-4027-a319-6af2d2a6e4c0}</UniqueIdentifier>
    </Filter>
  </ItemGroup>
  <ItemGroup>
    <ClCompile Include="AlloyLang.cpp">
      <Filter>Source Files</Filter>
    </ClCompile>
    <ClCompile Include="tokenizer\Tokenizer.cpp">
      <Filter>Source Files</Filter>
    </ClCompile>
    <ClCompile Include="tokenizer\Token.cpp">
      <Filter>Source Files</Filter>
    </ClCompile>
    <ClCompile Include="tokenizer\Source.cpp">
      <Filter>Source Files</Filter>
    </ClCompile>
    <ClCompile Include="parser\Parser.cpp">
      <Filter>Source Files</Filter>
    </ClCompile>
    <ClCompile Include="macro\MacroEngine.cpp">
      <Filter>Source Files</Filter>
    </ClCompile>
    <ClCompile Include="codegen\CodeGenerator.cpp">
      <Filter>Source Files</Filter>
    </ClCompile>
    <ClCompile Include="codegen\NamedValues.cpp">
      <Filter>Source Files</Filter>
    </ClCompile>
  </ItemGroup>
  <ItemGroup>
    <ClInclude Include="tokenizer\Tokenizer.hpp">
      <Filter>Header Files</Filter>
    </ClInclude>
    <ClInclude Include="tokenizer\Token.hpp">
      <Filter>Header Files</Filter>
    </ClInclude>
    <ClInclude Include="log\Log.hpp">
      <Filter>Header Files</Filter>
    </ClInclude>
    <ClInclude Include="TestString.hpp">
      <Filter>Header Files</Filter>
    </ClInclude>
    <ClInclude Include="tokenizer\Source.hpp">
      <Filter>Header Files</Filter>
    </ClInclude>
    <ClInclude Include="parser\NodeAllocator.hpp">
      <Filter>Header Files</Filter>
    </ClInclude>
    <ClInclude Include="parser\Node.hpp">
      <Filter>Header Files</Filter>
    </ClInclude>
    <ClInclude Include="parser\nodes\TypeNode.hpp">
      <Filter>Header Files</Filter>
    </ClInclude>
    <ClInclude Include="parser\nodes\VariableNode.hpp">
      <Filter>Header Files</Filter>
    </ClInclude>
    <ClInclude Include="parser\nodes\FunctionNode.hpp">
      <Filter>Header Files</Filter>
    </ClInclude>
    <ClInclude Include="parser\nodes\ExpressionNode.hpp">
      <Filter>Header Files</Filter>
    </ClInclude>
    <ClInclude Include="parser\nodes\StatementNode.hpp">
      <Filter>Header Files</Filter>
    </ClInclude>
    <ClInclude Include="parser\Parser.hpp">
      <Filter>Header Files</Filter>
    </ClInclude>
    <ClInclude Include="parser\VariantNode.hpp">
      <Filter>Header Files</Filter>
    </ClInclude>
    <ClInclude Include="parser\Nodes.hpp">
      <Filter>Header Files</Filter>
    </ClInclude>
    <ClInclude Include="parser\nodes\VariantNodes.hpp">
      <Filter>Header Files</Filter>
    </ClInclude>
    <ClInclude Include="parser\Annotation.hpp">
      <Filter>Header Files</Filter>
    </ClInclude>
    <ClInclude Include="parser\nodes\MacroNode.hpp">
      <Filter>Header Files</Filter>
    </ClInclude>
    <ClInclude Include="macro\MacroEngine.hpp">
      <Filter>Header Files</Filter>
    </ClInclude>
    <ClInclude Include="codegen\CodeGenerator.hpp">
      <Filter>Header Files</Filter>
    </ClInclude>
    <ClInclude Include="codegen\NamedValues.hpp">
      <Filter>Header Files</Filter>
    </ClInclude>
    <ClInclude Include="parser\NodePrinter.hpp">
      <Filter>Header Files</Filter>
    </ClInclude>
    <ClInclude Include="parser\nodes\GenericNode.hpp">
      <Filter>Header Files</Filter>
    </ClInclude>
  </ItemGroup>
  <ItemGroup>
    <None Include="CGTest.ecs" />
  </ItemGroup>
  <ItemGroup>
    <Text Include="docs\Parser Issues.txt" />
    <Text Include="docs\Coding Rules.txt" />
    <Text Include="docs\Macro Outline.txt" />
    <Text Include="docs\Member Functions.txt" />
    <Text Include="docs\ECS Outline.txt" />
    <Text Include="docs\LLVM Compile Instructions.txt" />
    <Text Include="docs\Node Changes.txt" />
    <Text Include="docs\Generics.txt" />
    <Text Include="SYNTAX.txt" />
  </ItemGroup>
</Project>