<?xml version="1.0" encoding="utf-8"?>
<Project ToolsVersion="4.0" xmlns="http://schemas.microsoft.com/developer/msbuild/2003">
  <ItemGroup>
    <Filter Include="Source Files">
      <UniqueIdentifier>{4FC737F1-C7A5-4376-A066-2A32D752A2FF}</UniqueIdentifier>
      <Extensions>cpp;c;cc;cxx;c++;cppm;ixx;def;odl;idl;hpj;bat;asm;asmx</Extensions>
    </Filter>
    <Filter Include="Header Files">
      <UniqueIdentifier>{93995380-89BD-4b04-88EB-625FBE52EBFB}</UniqueIdentifier>
      <Extensions>h;hh;hpp;hxx;h++;hm;inl;inc;ipp;xsd</Extensions>
    </Filter>
    <Filter Include="Resource Files">
      <UniqueIdentifier>{67DA6AB6-F800-4c08-8B7A-83BB121AAD01}</UniqueIdentifier>
      <Extensions>rc;ico;cur;bmp;dlg;rc2;rct;bin;rgs;gif;jpg;jpeg;jpe;resx;tiff;tif;png;wav;mfcribbon-ms</Extensions>
    </Filter>
    <Filter Include="Header Files\LLVMCodeGenerator">
      <UniqueIdentifier>{edee05a5-7e05-4199-8d1c-db95cc3a5c7b}</UniqueIdentifier>
    </Filter>
    <Filter Include="Source Files\LLVMCodeGenerator">
      <UniqueIdentifier>{3c52c5d8-1fff-4027-a319-6af2d2a6e4c0}</UniqueIdentifier>
    </Filter>
  </ItemGroup>
  <ItemGroup>
    <ClCompile Include="AlloyLang.cpp">
      <Filter>Source Files</Filter>
    </ClCompile>
    <ClCompile Include="compiler\module\source\Source.cpp">
      <Filter>Source Files</Filter>
    </ClCompile>
    <ClCompile Include="compiler\codegen\CodeGenerator.cpp">
      <Filter>Source Files</Filter>
    </ClCompile>
    <ClCompile Include="compiler\codegen\NamedValues.cpp">
      <Filter>Source Files</Filter>
    </ClCompile>
    <ClCompile Include="compiler\Compiler.cpp">
      <Filter>Source Files</Filter>
    </ClCompile>
    <ClCompile Include="compiler\module\token\TokenBuffer.cpp">
      <Filter>Source Files</Filter>
    </ClCompile>
    <ClCompile Include="compiler\module\node\NodeBuffer.cpp">
      <Filter>Source Files</Filter>
    </ClCompile>
    <ClCompile Include="compiler\ModuleTable.cpp">
      <Filter>Source Files</Filter>
    </ClCompile>
    <ClCompile Include="compiler\module\Module.cpp">
      <Filter>Source Files</Filter>
    </ClCompile>
    <ClCompile Include="compiler\codegen\LibraryFunctions.cpp">
      <Filter>Source Files</Filter>
    </ClCompile>
    <ClCompile Include="compiler\codegen\Inlines.cpp">
      <Filter>Source Files</Filter>
    </ClCompile>
    <ClCompile Include="compiler\codegen\SmartPointerClass.cpp">
      <Filter>Source Files</Filter>
    </ClCompile>
  </ItemGroup>
  <ItemGroup>
    <ClInclude Include="compiler\module\token\Token.hpp">
      <Filter>Header Files</Filter>
    </ClInclude>
    <ClInclude Include="log\Log.hpp">
      <Filter>Header Files</Filter>
    </ClInclude>
    <ClInclude Include="compiler\module\source\Source.hpp">
      <Filter>Header Files</Filter>
    </ClInclude>
    <ClInclude Include="compiler\module\node\NodeAllocator.hpp">
      <Filter>Header Files</Filter>
    </ClInclude>
    <ClInclude Include="compiler\module\node\nodes\TypeNodes.hpp">
      <Filter>Header Files</Filter>
    </ClInclude>
    <ClInclude Include="compiler\module\node\nodes\VariableNodes.hpp">
      <Filter>Header Files</Filter>
    </ClInclude>
    <ClInclude Include="compiler\module\node\nodes\FunctionNodes.hpp">
      <Filter>Header Files</Filter>
    </ClInclude>
    <ClInclude Include="compiler\module\node\nodes\ExpressionNodes.hpp">
      <Filter>Header Files</Filter>
    </ClInclude>
    <ClInclude Include="compiler\module\node\nodes\StatementNodes.hpp">
      <Filter>Header Files</Filter>
    </ClInclude>
    <ClInclude Include="compiler\module\node\nodes\AllNodes.hpp">
      <Filter>Header Files</Filter>
    </ClInclude>
    <ClInclude Include="compiler\module\node\nodes\VariantNodes.hpp">
      <Filter>Header Files</Filter>
    </ClInclude>
    <ClInclude Include="compiler\module\node\Annotation.hpp">
      <Filter>Header Files</Filter>
    </ClInclude>
    <ClInclude Include="compiler\module\node\nodes\MacroNodes.hpp">
      <Filter>Header Files</Filter>
    </ClInclude>
    <ClInclude Include="compiler\codegen\CodeGenerator.hpp">
      <Filter>Header Files</Filter>
    </ClInclude>
    <ClInclude Include="compiler\codegen\NamedValues.hpp">
      <Filter>Header Files</Filter>
    </ClInclude>
    <ClInclude Include="parser\NodePrinter.hpp">
      <Filter>Header Files</Filter>
    </ClInclude>
    <ClInclude Include="compiler\module\node\nodes\GenericNodes.hpp">
      <Filter>Header Files</Filter>
    </ClInclude>
    <ClInclude Include="compiler\Compiler.hpp">
      <Filter>Header Files</Filter>
    </ClInclude>
    <ClInclude Include="compiler\module\Module.hpp">
      <Filter>Header Files</Filter>
    </ClInclude>
    <ClInclude Include="compiler\module\token\TokenBuffer.hpp">
      <Filter>Header Files</Filter>
    </ClInclude>
    <ClInclude Include="compiler\module\node\nodes\NodeCommon.hpp">
      <Filter>Header Files</Filter>
    </ClInclude>
    <ClInclude Include="compiler\module\node\NodeBuffer.hpp">
      <Filter>Header Files</Filter>
    </ClInclude>
    <ClInclude Include="compiler\module\node\Definition.hpp">
      <Filter>Header Files</Filter>
    </ClInclude>
    <ClInclude Include="json\json.hpp">
      <Filter>Header Files</Filter>
    </ClInclude>
    <ClInclude Include="compiler\ModuleTable.hpp">
      <Filter>Header Files</Filter>
    </ClInclude>
    <ClInclude Include="compiler\codegen\LibraryFunctions.hpp">
      <Filter>Header Files</Filter>
    </ClInclude>
    <ClInclude Include="compiler\codegen\Inlines.hpp">
      <Filter>Header Files</Filter>
    </ClInclude>
    <ClInclude Include="compiler\codegen\SmartPointerClass.hpp">
      <Filter>Header Files</Filter>
    </ClInclude>
  </ItemGroup>
  <ItemGroup>
    <None Include="CGTest.alloy" />
    <None Include="test\Basic\main.alloy" />
    <None Include="test\GenericFunctions\main.alloy" />
    <None Include="test\MultipleFiles2\main.alloy" />
    <None Include="test\MultipleFiles2\lib\math.alloy" />
    <None Include="test\MultipleFiles2\lib\log.alloy" />
    <None Include="test\Enums\main.alloy" />
    <None Include="test\CallbackFunctions\main.alloy" />
    <None Include="test\LargeTest\lib\math.alloy" />
    <None Include="test\LargeTest\lib\ecs.alloy" />
    <None Include="test\LargeTest\lib\array.alloy" />
    <None Include="test\LargeTest\lib\shared_ptr.alloy" />
    <None Include="test\TypeConversion\main.alloy" />
  </ItemGroup>
  <ItemGroup>
    <Text Include="docs\Parser Issues.txt" />
    <Text Include="docs\Coding Rules.txt" />
    <Text Include="docs\Macro Outline.txt" />
    <Text Include="docs\Member Functions.txt" />
    <Text Include="docs\ECS Outline.txt" />
    <Text Include="docs\LLVM Compile Instructions.txt" />
    <Text Include="docs\Node Changes.txt" />
    <Text Include="docs\Generics.txt" />
    <Text Include="SYNTAX.txt" />
    <Text Include="docs\Enums.txt" />
    <Text Include="TODO.txt" />
    <Text Include="AlloyLang.txt" />
  </ItemGroup>
</Project>